
Microsoft Visual Studio Solution File, Format Version 12.00
# Visual Studio 14
VisualStudioVersion = 14.0.25420.1
MinimumVisualStudioVersion = 10.0.40219.1
Project("{8BC9CEB8-8B4A-11D0-8D11-00A0C91BC942}") = "sfup", "sfup\sfup.vcxproj", "{3A17DC67-4907-4841-A8DB-5C994C9860EC}"
EndProject
Project("{8BC9CEB8-8B4A-11D0-8D11-00A0C91BC942}") = "sfup-core", "sfup-core\sfup-core.vcxproj", "{565BF872-1B52-4EF2-9292-999351F412E1}"
EndProject
Project("{8BC9CEB8-8B4A-11D0-8D11-00A0C91BC942}") = "srtp", "srtp\srtp.vcxproj", "{EEF031CB-FED8-451E-A471-91EC8D4F6750}"
EndProject
Project("{8BC9CEB8-8B4A-11D0-8D11-00A0C91BC942}") = "libnice", "libnice\win32\vs9\libnice.vcxproj", "{550C7FB8-DBFE-4364-B26A-DAF7158CD878}"
EndProject
Project("{8BC9CEB8-8B4A-11D0-8D11-00A0C91BC942}") = "gio", "glib\build\win32\vs10\gio.vcxproj", "{F3D1583C-5613-4809-BD98-7CC1C1276F92}"
EndProject
Project("{8BC9CEB8-8B4A-11D0-8D11-00A0C91BC942}") = "glib", "glib\build\win32\vs10\glib.vcxproj", "{12BCA020-EABF-429E-876A-A476BC9C10C0}"
EndProject
Project("{8BC9CEB8-8B4A-11D0-8D11-00A0C91BC942}") = "gmodule", "glib\build\win32\vs10\gmodule.vcxproj", "{4214047C-F5C1-40B3-8369-5DCED8C32770}"
EndProject
Project("{8BC9CEB8-8B4A-11D0-8D11-00A0C91BC942}") = "gobject", "glib\build\win32\vs10\gobject.vcxproj", "{F172EFFC-E30F-4593-809E-DB2024B1E753}"
EndProject
Project("{8BC9CEB8-8B4A-11D0-8D11-00A0C91BC942}") = "gthread", "glib\build\win32\vs10\gthread.vcxproj", "{C8AFB8C3-FFFD-460F-BC13-9AC25D7B117C}"
EndProject
Project("{8BC9CEB8-8B4A-11D0-8D11-00A0C91BC942}") = "zlib", "zlib\zlib.vcxproj", "{2E810868-0C1A-4A21-90BE-9094EA194C16}"
EndProject
Project("{8BC9CEB8-8B4A-11D0-8D11-00A0C91BC942}") = "log4z", "log4z\log4z.vcxproj", "{571F9525-4AD1-45D7-A238-B3DABC22D4C4}"
EndProject
Project("{8BC9CEB8-8B4A-11D0-8D11-00A0C91BC942}") = "DuiLib", "DuiLib\DuiLib.vcxproj", "{E106ACD7-4E53-4AEE-942B-D0DD426DB34E}"
EndProject
Project("{8BC9CEB8-8B4A-11D0-8D11-00A0C91BC942}") = "Client", "Client\Client.vcxproj", "{FC6416CB-EE05-4784-B9A5-55D61FB6DE39}"
	ProjectSection(ProjectDependencies) = postProject
		{46CF2D25-6A36-4189-B59C-E4815388E554} = {46CF2D25-6A36-4189-B59C-E4815388E554}
		{571F9525-4AD1-45D7-A238-B3DABC22D4C4} = {571F9525-4AD1-45D7-A238-B3DABC22D4C4}
		{724A6F4F-5D3F-45B5-8F85-16DB5EE9A59B} = {724A6F4F-5D3F-45B5-8F85-16DB5EE9A59B}
		{2E810868-0C1A-4A21-90BE-9094EA194C16} = {2E810868-0C1A-4A21-90BE-9094EA194C16}
		{EEF031CB-FED8-451E-A471-91EC8D4F6750} = {EEF031CB-FED8-451E-A471-91EC8D4F6750}
		{E106ACD7-4E53-4AEE-942B-D0DD426DB34E} = {E106ACD7-4E53-4AEE-942B-D0DD426DB34E}
	EndProjectSection
EndProject
Project("{8BC9CEB8-8B4A-11D0-8D11-00A0C91BC942}") = "Common", "Common\Common.vcxproj", "{724A6F4F-5D3F-45B5-8F85-16DB5EE9A59B}"
EndProject
Project("{8BC9CEB8-8B4A-11D0-8D11-00A0C91BC942}") = "mbedTLS", "thirdparty\polarssl\visualc\VS2013\mbedTLS.vcxproj", "{46CF2D25-6A36-4189-B59C-E4815388E554}"
EndProject
Project("{8BC9CEB8-8B4A-11D0-8D11-00A0C91BC942}") = "WebSocketClient", "WebSocketClient\WebSocketClient.vcxproj", "{7FE6F165-543C-42E1-8D12-DD0606C1AAC1}"
EndProject
Project("{8BC9CEB8-8B4A-11D0-8D11-00A0C91BC942}") = "WebSocketServer", "WebSocketServer\WebSocketServer.vcxproj", "{8AD639A7-B716-425E-97A1-8437618A3411}"
EndProject
Global
	GlobalSection(SolutionConfigurationPlatforms) = preSolution
		Debug Dll|x64 = Debug Dll|x64
		Debug Dll|x86 = Debug Dll|x86
		Debug|x64 = Debug|x64
		Debug|x86 = Debug|x86
		Release Dll|x64 = Release Dll|x64
		Release Dll|x86 = Release Dll|x86
		Release|x64 = Release|x64
		Release|x86 = Release|x86
		UnicodeDebug|x64 = UnicodeDebug|x64
		UnicodeDebug|x86 = UnicodeDebug|x86
		UnicodeRelease|x64 = UnicodeRelease|x64
		UnicodeRelease|x86 = UnicodeRelease|x86
	EndGlobalSection
	GlobalSection(ProjectConfigurationPlatforms) = postSolution
		{3A17DC67-4907-4841-A8DB-5C994C9860EC}.Debug Dll|x64.ActiveCfg = Debug|x64
		{3A17DC67-4907-4841-A8DB-5C994C9860EC}.Debug Dll|x64.Build.0 = Debug|x64
		{3A17DC67-4907-4841-A8DB-5C994C9860EC}.Debug Dll|x86.ActiveCfg = Debug|Win32
		{3A17DC67-4907-4841-A8DB-5C994C9860EC}.Debug Dll|x86.Build.0 = Debug|Win32
		{3A17DC67-4907-4841-A8DB-5C994C9860EC}.Debug|x64.ActiveCfg = Debug|x64
		{3A17DC67-4907-4841-A8DB-5C994C9860EC}.Debug|x64.Build.0 = Debug|x64
		{3A17DC67-4907-4841-A8DB-5C994C9860EC}.Debug|x86.ActiveCfg = Debug|Win32
		{3A17DC67-4907-4841-A8DB-5C994C9860EC}.Debug|x86.Build.0 = Debug|Win32
		{3A17DC67-4907-4841-A8DB-5C994C9860EC}.Release Dll|x64.ActiveCfg = Release|x64
		{3A17DC67-4907-4841-A8DB-5C994C9860EC}.Release Dll|x64.Build.0 = Release|x64
		{3A17DC67-4907-4841-A8DB-5C994C9860EC}.Release Dll|x86.ActiveCfg = Release|Win32
		{3A17DC67-4907-4841-A8DB-5C994C9860EC}.Release Dll|x86.Build.0 = Release|Win32
		{3A17DC67-4907-4841-A8DB-5C994C9860EC}.Release|x64.ActiveCfg = Release|x64
		{3A17DC67-4907-4841-A8DB-5C994C9860EC}.Release|x64.Build.0 = Release|x64
		{3A17DC67-4907-4841-A8DB-5C994C9860EC}.Release|x86.ActiveCfg = Release|Win32
		{3A17DC67-4907-4841-A8DB-5C994C9860EC}.Release|x86.Build.0 = Release|Win32
		{3A17DC67-4907-4841-A8DB-5C994C9860EC}.UnicodeDebug|x64.ActiveCfg = Debug|x64
		{3A17DC67-4907-4841-A8DB-5C994C9860EC}.UnicodeDebug|x64.Build.0 = Debug|x64
		{3A17DC67-4907-4841-A8DB-5C994C9860EC}.UnicodeDebug|x86.ActiveCfg = Debug|Win32
		{3A17DC67-4907-4841-A8DB-5C994C9860EC}.UnicodeDebug|x86.Build.0 = Debug|Win32
		{3A17DC67-4907-4841-A8DB-5C994C9860EC}.UnicodeRelease|x64.ActiveCfg = Release|x64
		{3A17DC67-4907-4841-A8DB-5C994C9860EC}.UnicodeRelease|x64.Build.0 = Release|x64
		{3A17DC67-4907-4841-A8DB-5C994C9860EC}.UnicodeRelease|x86.ActiveCfg = Release|Win32
		{3A17DC67-4907-4841-A8DB-5C994C9860EC}.UnicodeRelease|x86.Build.0 = Release|Win32
		{565BF872-1B52-4EF2-9292-999351F412E1}.Debug Dll|x64.ActiveCfg = Debug|x64
		{565BF872-1B52-4EF2-9292-999351F412E1}.Debug Dll|x64.Build.0 = Debug|x64
		{565BF872-1B52-4EF2-9292-999351F412E1}.Debug Dll|x86.ActiveCfg = Debug|Win32
		{565BF872-1B52-4EF2-9292-999351F412E1}.Debug Dll|x86.Build.0 = Debug|Win32
		{565BF872-1B52-4EF2-9292-999351F412E1}.Debug|x64.ActiveCfg = Debug|x64
		{565BF872-1B52-4EF2-9292-999351F412E1}.Debug|x64.Build.0 = Debug|x64
		{565BF872-1B52-4EF2-9292-999351F412E1}.Debug|x86.ActiveCfg = Debug|Win32
		{565BF872-1B52-4EF2-9292-999351F412E1}.Debug|x86.Build.0 = Debug|Win32
		{565BF872-1B52-4EF2-9292-999351F412E1}.Release Dll|x64.ActiveCfg = Release|x64
		{565BF872-1B52-4EF2-9292-999351F412E1}.Release Dll|x64.Build.0 = Release|x64
		{565BF872-1B52-4EF2-9292-999351F412E1}.Release Dll|x86.ActiveCfg = Release|Win32
		{565BF872-1B52-4EF2-9292-999351F412E1}.Release Dll|x86.Build.0 = Release|Win32
		{565BF872-1B52-4EF2-9292-999351F412E1}.Release|x64.ActiveCfg = Release|x64
		{565BF872-1B52-4EF2-9292-999351F412E1}.Release|x64.Build.0 = Release|x64
		{565BF872-1B52-4EF2-9292-999351F412E1}.Release|x86.ActiveCfg = Release|Win32
		{565BF872-1B52-4EF2-9292-999351F412E1}.Release|x86.Build.0 = Release|Win32
		{565BF872-1B52-4EF2-9292-999351F412E1}.UnicodeDebug|x64.ActiveCfg = Debug|x64
		{565BF872-1B52-4EF2-9292-999351F412E1}.UnicodeDebug|x64.Build.0 = Debug|x64
		{565BF872-1B52-4EF2-9292-999351F412E1}.UnicodeDebug|x86.ActiveCfg = Debug|Win32
		{565BF872-1B52-4EF2-9292-999351F412E1}.UnicodeDebug|x86.Build.0 = Debug|Win32
		{565BF872-1B52-4EF2-9292-999351F412E1}.UnicodeRelease|x64.ActiveCfg = Release|x64
		{565BF872-1B52-4EF2-9292-999351F412E1}.UnicodeRelease|x64.Build.0 = Release|x64
		{565BF872-1B52-4EF2-9292-999351F412E1}.UnicodeRelease|x86.ActiveCfg = Release|Win32
		{565BF872-1B52-4EF2-9292-999351F412E1}.UnicodeRelease|x86.Build.0 = Release|Win32
		{EEF031CB-FED8-451E-A471-91EC8D4F6750}.Debug Dll|x64.ActiveCfg = Debug Dll|Win32
		{EEF031CB-FED8-451E-A471-91EC8D4F6750}.Debug Dll|x86.ActiveCfg = Debug Dll|Win32
		{EEF031CB-FED8-451E-A471-91EC8D4F6750}.Debug Dll|x86.Build.0 = Debug Dll|Win32
		{EEF031CB-FED8-451E-A471-91EC8D4F6750}.Debug|x64.ActiveCfg = Debug|Win32
		{EEF031CB-FED8-451E-A471-91EC8D4F6750}.Debug|x86.ActiveCfg = Debug|Win32
		{EEF031CB-FED8-451E-A471-91EC8D4F6750}.Debug|x86.Build.0 = Debug|Win32
		{EEF031CB-FED8-451E-A471-91EC8D4F6750}.Release Dll|x64.ActiveCfg = Release Dll|Win32
		{EEF031CB-FED8-451E-A471-91EC8D4F6750}.Release Dll|x86.ActiveCfg = Release Dll|Win32
		{EEF031CB-FED8-451E-A471-91EC8D4F6750}.Release Dll|x86.Build.0 = Release Dll|Win32
		{EEF031CB-FED8-451E-A471-91EC8D4F6750}.Release|x64.ActiveCfg = Release|Win32
		{EEF031CB-FED8-451E-A471-91EC8D4F6750}.Release|x86.ActiveCfg = Release|Win32
		{EEF031CB-FED8-451E-A471-91EC8D4F6750}.Release|x86.Build.0 = Release|Win32
		{EEF031CB-FED8-451E-A471-91EC8D4F6750}.UnicodeDebug|x64.ActiveCfg = Release|Win32
		{EEF031CB-FED8-451E-A471-91EC8D4F6750}.UnicodeDebug|x64.Build.0 = Release|Win32
		{EEF031CB-FED8-451E-A471-91EC8D4F6750}.UnicodeDebug|x86.ActiveCfg = Debug|Win32
		{EEF031CB-FED8-451E-A471-91EC8D4F6750}.UnicodeDebug|x86.Build.0 = Debug|Win32
		{EEF031CB-FED8-451E-A471-91EC8D4F6750}.UnicodeRelease|x64.ActiveCfg = Release|Win32
		{EEF031CB-FED8-451E-A471-91EC8D4F6750}.UnicodeRelease|x64.Build.0 = Release|Win32
		{EEF031CB-FED8-451E-A471-91EC8D4F6750}.UnicodeRelease|x86.ActiveCfg = Release|Win32
		{EEF031CB-FED8-451E-A471-91EC8D4F6750}.UnicodeRelease|x86.Build.0 = Release|Win32
		{550C7FB8-DBFE-4364-B26A-DAF7158CD878}.Debug Dll|x64.ActiveCfg = Release|Win32
		{550C7FB8-DBFE-4364-B26A-DAF7158CD878}.Debug Dll|x64.Build.0 = Release|Win32
		{550C7FB8-DBFE-4364-B26A-DAF7158CD878}.Debug Dll|x86.ActiveCfg = Debug|Win32
		{550C7FB8-DBFE-4364-B26A-DAF7158CD878}.Debug Dll|x86.Build.0 = Debug|Win32
		{550C7FB8-DBFE-4364-B26A-DAF7158CD878}.Debug|x64.ActiveCfg = Debug|Win32
		{550C7FB8-DBFE-4364-B26A-DAF7158CD878}.Debug|x86.ActiveCfg = Debug|Win32
		{550C7FB8-DBFE-4364-B26A-DAF7158CD878}.Debug|x86.Build.0 = Debug|Win32
		{550C7FB8-DBFE-4364-B26A-DAF7158CD878}.Release Dll|x64.ActiveCfg = Release|Win32
		{550C7FB8-DBFE-4364-B26A-DAF7158CD878}.Release Dll|x64.Build.0 = Release|Win32
		{550C7FB8-DBFE-4364-B26A-DAF7158CD878}.Release Dll|x86.ActiveCfg = Release|Win32
		{550C7FB8-DBFE-4364-B26A-DAF7158CD878}.Release Dll|x86.Build.0 = Release|Win32
		{550C7FB8-DBFE-4364-B26A-DAF7158CD878}.Release|x64.ActiveCfg = Release|Win32
		{550C7FB8-DBFE-4364-B26A-DAF7158CD878}.Release|x86.ActiveCfg = Release|Win32
		{550C7FB8-DBFE-4364-B26A-DAF7158CD878}.Release|x86.Build.0 = Release|Win32
		{550C7FB8-DBFE-4364-B26A-DAF7158CD878}.UnicodeDebug|x64.ActiveCfg = Debug|Win32
		{550C7FB8-DBFE-4364-B26A-DAF7158CD878}.UnicodeDebug|x64.Build.0 = Debug|Win32
		{550C7FB8-DBFE-4364-B26A-DAF7158CD878}.UnicodeDebug|x86.ActiveCfg = Debug|Win32
		{550C7FB8-DBFE-4364-B26A-DAF7158CD878}.UnicodeDebug|x86.Build.0 = Debug|Win32
		{550C7FB8-DBFE-4364-B26A-DAF7158CD878}.UnicodeRelease|x64.ActiveCfg = Debug|Win32
		{550C7FB8-DBFE-4364-B26A-DAF7158CD878}.UnicodeRelease|x64.Build.0 = Debug|Win32
		{550C7FB8-DBFE-4364-B26A-DAF7158CD878}.UnicodeRelease|x86.ActiveCfg = Release|Win32
		{550C7FB8-DBFE-4364-B26A-DAF7158CD878}.UnicodeRelease|x86.Build.0 = Release|Win32
		{F3D1583C-5613-4809-BD98-7CC1C1276F92}.Debug Dll|x64.ActiveCfg = Debug|x64
		{F3D1583C-5613-4809-BD98-7CC1C1276F92}.Debug Dll|x64.Build.0 = Debug|x64
		{F3D1583C-5613-4809-BD98-7CC1C1276F92}.Debug Dll|x86.ActiveCfg = Debug|Win32
		{F3D1583C-5613-4809-BD98-7CC1C1276F92}.Debug Dll|x86.Build.0 = Debug|Win32
		{F3D1583C-5613-4809-BD98-7CC1C1276F92}.Debug|x64.ActiveCfg = Debug|x64
		{F3D1583C-5613-4809-BD98-7CC1C1276F92}.Debug|x64.Build.0 = Debug|x64
		{F3D1583C-5613-4809-BD98-7CC1C1276F92}.Debug|x86.ActiveCfg = Debug|Win32
		{F3D1583C-5613-4809-BD98-7CC1C1276F92}.Debug|x86.Build.0 = Debug|Win32
		{F3D1583C-5613-4809-BD98-7CC1C1276F92}.Release Dll|x64.ActiveCfg = Release|x64
		{F3D1583C-5613-4809-BD98-7CC1C1276F92}.Release Dll|x64.Build.0 = Release|x64
		{F3D1583C-5613-4809-BD98-7CC1C1276F92}.Release Dll|x86.ActiveCfg = Release|Win32
		{F3D1583C-5613-4809-BD98-7CC1C1276F92}.Release Dll|x86.Build.0 = Release|Win32
		{F3D1583C-5613-4809-BD98-7CC1C1276F92}.Release|x64.ActiveCfg = Release|x64
		{F3D1583C-5613-4809-BD98-7CC1C1276F92}.Release|x64.Build.0 = Release|x64
		{F3D1583C-5613-4809-BD98-7CC1C1276F92}.Release|x86.ActiveCfg = Release|Win32
		{F3D1583C-5613-4809-BD98-7CC1C1276F92}.Release|x86.Build.0 = Release|Win32
		{F3D1583C-5613-4809-BD98-7CC1C1276F92}.UnicodeDebug|x64.ActiveCfg = Debug|x64
		{F3D1583C-5613-4809-BD98-7CC1C1276F92}.UnicodeDebug|x64.Build.0 = Debug|x64
		{F3D1583C-5613-4809-BD98-7CC1C1276F92}.UnicodeDebug|x86.ActiveCfg = Debug|Win32
		{F3D1583C-5613-4809-BD98-7CC1C1276F92}.UnicodeDebug|x86.Build.0 = Debug|Win32
		{F3D1583C-5613-4809-BD98-7CC1C1276F92}.UnicodeRelease|x64.ActiveCfg = Release|x64
		{F3D1583C-5613-4809-BD98-7CC1C1276F92}.UnicodeRelease|x64.Build.0 = Release|x64
		{F3D1583C-5613-4809-BD98-7CC1C1276F92}.UnicodeRelease|x86.ActiveCfg = Release|Win32
		{F3D1583C-5613-4809-BD98-7CC1C1276F92}.UnicodeRelease|x86.Build.0 = Release|Win32
		{12BCA020-EABF-429E-876A-A476BC9C10C0}.Debug Dll|x64.ActiveCfg = Debug|x64
		{12BCA020-EABF-429E-876A-A476BC9C10C0}.Debug Dll|x64.Build.0 = Debug|x64
		{12BCA020-EABF-429E-876A-A476BC9C10C0}.Debug Dll|x86.ActiveCfg = Debug|Win32
		{12BCA020-EABF-429E-876A-A476BC9C10C0}.Debug Dll|x86.Build.0 = Debug|Win32
		{12BCA020-EABF-429E-876A-A476BC9C10C0}.Debug|x64.ActiveCfg = Debug|x64
		{12BCA020-EABF-429E-876A-A476BC9C10C0}.Debug|x64.Build.0 = Debug|x64
		{12BCA020-EABF-429E-876A-A476BC9C10C0}.Debug|x86.ActiveCfg = Debug|Win32
		{12BCA020-EABF-429E-876A-A476BC9C10C0}.Debug|x86.Build.0 = Debug|Win32
		{12BCA020-EABF-429E-876A-A476BC9C10C0}.Release Dll|x64.ActiveCfg = Release|x64
		{12BCA020-EABF-429E-876A-A476BC9C10C0}.Release Dll|x64.Build.0 = Release|x64
		{12BCA020-EABF-429E-876A-A476BC9C10C0}.Release Dll|x86.ActiveCfg = Release|Win32
		{12BCA020-EABF-429E-876A-A476BC9C10C0}.Release Dll|x86.Build.0 = Release|Win32
		{12BCA020-EABF-429E-876A-A476BC9C10C0}.Release|x64.ActiveCfg = Release|x64
		{12BCA020-EABF-429E-876A-A476BC9C10C0}.Release|x64.Build.0 = Release|x64
		{12BCA020-EABF-429E-876A-A476BC9C10C0}.Release|x86.ActiveCfg = Release|Win32
		{12BCA020-EABF-429E-876A-A476BC9C10C0}.Release|x86.Build.0 = Release|Win32
		{12BCA020-EABF-429E-876A-A476BC9C10C0}.UnicodeDebug|x64.ActiveCfg = Debug|x64
		{12BCA020-EABF-429E-876A-A476BC9C10C0}.UnicodeDebug|x64.Build.0 = Debug|x64
		{12BCA020-EABF-429E-876A-A476BC9C10C0}.UnicodeDebug|x86.ActiveCfg = Debug|Win32
		{12BCA020-EABF-429E-876A-A476BC9C10C0}.UnicodeDebug|x86.Build.0 = Debug|Win32
		{12BCA020-EABF-429E-876A-A476BC9C10C0}.UnicodeRelease|x64.ActiveCfg = Release|x64
		{12BCA020-EABF-429E-876A-A476BC9C10C0}.UnicodeRelease|x64.Build.0 = Release|x64
		{12BCA020-EABF-429E-876A-A476BC9C10C0}.UnicodeRelease|x86.ActiveCfg = Release|Win32
		{12BCA020-EABF-429E-876A-A476BC9C10C0}.UnicodeRelease|x86.Build.0 = Release|Win32
		{4214047C-F5C1-40B3-8369-5DCED8C32770}.Debug Dll|x64.ActiveCfg = Debug|x64
		{4214047C-F5C1-40B3-8369-5DCED8C32770}.Debug Dll|x64.Build.0 = Debug|x64
		{4214047C-F5C1-40B3-8369-5DCED8C32770}.Debug Dll|x86.ActiveCfg = Debug|Win32
		{4214047C-F5C1-40B3-8369-5DCED8C32770}.Debug Dll|x86.Build.0 = Debug|Win32
		{4214047C-F5C1-40B3-8369-5DCED8C32770}.Debug|x64.ActiveCfg = Debug|x64
		{4214047C-F5C1-40B3-8369-5DCED8C32770}.Debug|x64.Build.0 = Debug|x64
		{4214047C-F5C1-40B3-8369-5DCED8C32770}.Debug|x86.ActiveCfg = Debug|Win32
		{4214047C-F5C1-40B3-8369-5DCED8C32770}.Debug|x86.Build.0 = Debug|Win32
		{4214047C-F5C1-40B3-8369-5DCED8C32770}.Release Dll|x64.ActiveCfg = Release|x64
		{4214047C-F5C1-40B3-8369-5DCED8C32770}.Release Dll|x64.Build.0 = Release|x64
		{4214047C-F5C1-40B3-8369-5DCED8C32770}.Release Dll|x86.ActiveCfg = Release|Win32
		{4214047C-F5C1-40B3-8369-5DCED8C32770}.Release Dll|x86.Build.0 = Release|Win32
		{4214047C-F5C1-40B3-8369-5DCED8C32770}.Release|x64.ActiveCfg = Release|x64
		{4214047C-F5C1-40B3-8369-5DCED8C32770}.Release|x64.Build.0 = Release|x64
		{4214047C-F5C1-40B3-8369-5DCED8C32770}.Release|x86.ActiveCfg = Release|Win32
		{4214047C-F5C1-40B3-8369-5DCED8C32770}.Release|x86.Build.0 = Release|Win32
		{4214047C-F5C1-40B3-8369-5DCED8C32770}.UnicodeDebug|x64.ActiveCfg = Debug|x64
		{4214047C-F5C1-40B3-8369-5DCED8C32770}.UnicodeDebug|x64.Build.0 = Debug|x64
		{4214047C-F5C1-40B3-8369-5DCED8C32770}.UnicodeDebug|x86.ActiveCfg = Debug|Win32
		{4214047C-F5C1-40B3-8369-5DCED8C32770}.UnicodeDebug|x86.Build.0 = Debug|Win32
		{4214047C-F5C1-40B3-8369-5DCED8C32770}.UnicodeRelease|x64.ActiveCfg = Release|x64
		{4214047C-F5C1-40B3-8369-5DCED8C32770}.UnicodeRelease|x64.Build.0 = Release|x64
		{4214047C-F5C1-40B3-8369-5DCED8C32770}.UnicodeRelease|x86.ActiveCfg = Release|Win32
		{4214047C-F5C1-40B3-8369-5DCED8C32770}.UnicodeRelease|x86.Build.0 = Release|Win32
		{F172EFFC-E30F-4593-809E-DB2024B1E753}.Debug Dll|x64.ActiveCfg = Debug|x64
		{F172EFFC-E30F-4593-809E-DB2024B1E753}.Debug Dll|x64.Build.0 = Debug|x64
		{F172EFFC-E30F-4593-809E-DB2024B1E753}.Debug Dll|x86.ActiveCfg = Debug|Win32
		{F172EFFC-E30F-4593-809E-DB2024B1E753}.Debug Dll|x86.Build.0 = Debug|Win32
		{F172EFFC-E30F-4593-809E-DB2024B1E753}.Debug|x64.ActiveCfg = Debug|x64
		{F172EFFC-E30F-4593-809E-DB2024B1E753}.Debug|x64.Build.0 = Debug|x64
		{F172EFFC-E30F-4593-809E-DB2024B1E753}.Debug|x86.ActiveCfg = Debug|Win32
		{F172EFFC-E30F-4593-809E-DB2024B1E753}.Debug|x86.Build.0 = Debug|Win32
		{F172EFFC-E30F-4593-809E-DB2024B1E753}.Release Dll|x64.ActiveCfg = Release|x64
		{F172EFFC-E30F-4593-809E-DB2024B1E753}.Release Dll|x64.Build.0 = Release|x64
		{F172EFFC-E30F-4593-809E-DB2024B1E753}.Release Dll|x86.ActiveCfg = Release|Win32
		{F172EFFC-E30F-4593-809E-DB2024B1E753}.Release Dll|x86.Build.0 = Release|Win32
		{F172EFFC-E30F-4593-809E-DB2024B1E753}.Release|x64.ActiveCfg = Release|x64
		{F172EFFC-E30F-4593-809E-DB2024B1E753}.Release|x64.Build.0 = Release|x64
		{F172EFFC-E30F-4593-809E-DB2024B1E753}.Release|x86.ActiveCfg = Release|Win32
		{F172EFFC-E30F-4593-809E-DB2024B1E753}.Release|x86.Build.0 = Release|Win32
		{F172EFFC-E30F-4593-809E-DB2024B1E753}.UnicodeDebug|x64.ActiveCfg = Debug|x64
		{F172EFFC-E30F-4593-809E-DB2024B1E753}.UnicodeDebug|x64.Build.0 = Debug|x64
		{F172EFFC-E30F-4593-809E-DB2024B1E753}.UnicodeDebug|x86.ActiveCfg = Debug|Win32
		{F172EFFC-E30F-4593-809E-DB2024B1E753}.UnicodeDebug|x86.Build.0 = Debug|Win32
		{F172EFFC-E30F-4593-809E-DB2024B1E753}.UnicodeRelease|x64.ActiveCfg = Release|x64
		{F172EFFC-E30F-4593-809E-DB2024B1E753}.UnicodeRelease|x64.Build.0 = Release|x64
		{F172EFFC-E30F-4593-809E-DB2024B1E753}.UnicodeRelease|x86.ActiveCfg = Release|Win32
		{F172EFFC-E30F-4593-809E-DB2024B1E753}.UnicodeRelease|x86.Build.0 = Release|Win32
		{C8AFB8C3-FFFD-460F-BC13-9AC25D7B117C}.Debug Dll|x64.ActiveCfg = Debug|x64
		{C8AFB8C3-FFFD-460F-BC13-9AC25D7B117C}.Debug Dll|x64.Build.0 = Debug|x64
		{C8AFB8C3-FFFD-460F-BC13-9AC25D7B117C}.Debug Dll|x86.ActiveCfg = Debug|Win32
		{C8AFB8C3-FFFD-460F-BC13-9AC25D7B117C}.Debug Dll|x86.Build.0 = Debug|Win32
		{C8AFB8C3-FFFD-460F-BC13-9AC25D7B117C}.Debug|x64.ActiveCfg = Debug|x64
		{C8AFB8C3-FFFD-460F-BC13-9AC25D7B117C}.Debug|x64.Build.0 = Debug|x64
		{C8AFB8C3-FFFD-460F-BC13-9AC25D7B117C}.Debug|x86.ActiveCfg = Debug|Win32
		{C8AFB8C3-FFFD-460F-BC13-9AC25D7B117C}.Debug|x86.Build.0 = Debug|Win32
		{C8AFB8C3-FFFD-460F-BC13-9AC25D7B117C}.Release Dll|x64.ActiveCfg = Release|x64
		{C8AFB8C3-FFFD-460F-BC13-9AC25D7B117C}.Release Dll|x64.Build.0 = Release|x64
		{C8AFB8C3-FFFD-460F-BC13-9AC25D7B117C}.Release Dll|x86.ActiveCfg = Release|Win32
		{C8AFB8C3-FFFD-460F-BC13-9AC25D7B117C}.Release Dll|x86.Build.0 = Release|Win32
		{C8AFB8C3-FFFD-460F-BC13-9AC25D7B117C}.Release|x64.ActiveCfg = Release|x64
		{C8AFB8C3-FFFD-460F-BC13-9AC25D7B117C}.Release|x64.Build.0 = Release|x64
		{C8AFB8C3-FFFD-460F-BC13-9AC25D7B117C}.Release|x86.ActiveCfg = Release|Win32
		{C8AFB8C3-FFFD-460F-BC13-9AC25D7B117C}.Release|x86.Build.0 = Release|Win32
		{C8AFB8C3-FFFD-460F-BC13-9AC25D7B117C}.UnicodeDebug|x64.ActiveCfg = Debug|x64
		{C8AFB8C3-FFFD-460F-BC13-9AC25D7B117C}.UnicodeDebug|x64.Build.0 = Debug|x64
		{C8AFB8C3-FFFD-460F-BC13-9AC25D7B117C}.UnicodeDebug|x86.ActiveCfg = Debug|Win32
		{C8AFB8C3-FFFD-460F-BC13-9AC25D7B117C}.UnicodeDebug|x86.Build.0 = Debug|Win32
		{C8AFB8C3-FFFD-460F-BC13-9AC25D7B117C}.UnicodeRelease|x64.ActiveCfg = Release|x64
		{C8AFB8C3-FFFD-460F-BC13-9AC25D7B117C}.UnicodeRelease|x64.Build.0 = Release|x64
		{C8AFB8C3-FFFD-460F-BC13-9AC25D7B117C}.UnicodeRelease|x86.ActiveCfg = Release|Win32
		{C8AFB8C3-FFFD-460F-BC13-9AC25D7B117C}.UnicodeRelease|x86.Build.0 = Release|Win32
		{2E810868-0C1A-4A21-90BE-9094EA194C16}.Debug Dll|x64.ActiveCfg = Release|Win32
		{2E810868-0C1A-4A21-90BE-9094EA194C16}.Debug Dll|x64.Build.0 = Release|Win32
		{2E810868-0C1A-4A21-90BE-9094EA194C16}.Debug Dll|x86.ActiveCfg = Debug|Win32
		{2E810868-0C1A-4A21-90BE-9094EA194C16}.Debug Dll|x86.Build.0 = Debug|Win32
		{2E810868-0C1A-4A21-90BE-9094EA194C16}.Debug|x64.ActiveCfg = Debug|Win32
		{2E810868-0C1A-4A21-90BE-9094EA194C16}.Debug|x86.ActiveCfg = Debug|Win32
		{2E810868-0C1A-4A21-90BE-9094EA194C16}.Debug|x86.Build.0 = Debug|Win32
		{2E810868-0C1A-4A21-90BE-9094EA194C16}.Release Dll|x64.ActiveCfg = Release|Win32
		{2E810868-0C1A-4A21-90BE-9094EA194C16}.Release Dll|x64.Build.0 = Release|Win32
		{2E810868-0C1A-4A21-90BE-9094EA194C16}.Release Dll|x86.ActiveCfg = Release|Win32
		{2E810868-0C1A-4A21-90BE-9094EA194C16}.Release Dll|x86.Build.0 = Release|Win32
		{2E810868-0C1A-4A21-90BE-9094EA194C16}.Release|x64.ActiveCfg = Release|Win32
		{2E810868-0C1A-4A21-90BE-9094EA194C16}.Release|x86.ActiveCfg = Release|Win32
		{2E810868-0C1A-4A21-90BE-9094EA194C16}.Release|x86.Build.0 = Release|Win32
		{2E810868-0C1A-4A21-90BE-9094EA194C16}.UnicodeDebug|x64.ActiveCfg = Debug|Win32
		{2E810868-0C1A-4A21-90BE-9094EA194C16}.UnicodeDebug|x64.Build.0 = Debug|Win32
		{2E810868-0C1A-4A21-90BE-9094EA194C16}.UnicodeDebug|x86.ActiveCfg = Debug|Win32
		{2E810868-0C1A-4A21-90BE-9094EA194C16}.UnicodeDebug|x86.Build.0 = Debug|Win32
		{2E810868-0C1A-4A21-90BE-9094EA194C16}.UnicodeRelease|x64.ActiveCfg = Debug|Win32
		{2E810868-0C1A-4A21-90BE-9094EA194C16}.UnicodeRelease|x64.Build.0 = Debug|Win32
		{2E810868-0C1A-4A21-90BE-9094EA194C16}.UnicodeRelease|x86.ActiveCfg = Release|Win32
		{2E810868-0C1A-4A21-90BE-9094EA194C16}.UnicodeRelease|x86.Build.0 = Release|Win32
		{571F9525-4AD1-45D7-A238-B3DABC22D4C4}.Debug Dll|x64.ActiveCfg = Debug|x64
		{571F9525-4AD1-45D7-A238-B3DABC22D4C4}.Debug Dll|x64.Build.0 = Debug|x64
		{571F9525-4AD1-45D7-A238-B3DABC22D4C4}.Debug Dll|x86.ActiveCfg = Debug|Win32
		{571F9525-4AD1-45D7-A238-B3DABC22D4C4}.Debug Dll|x86.Build.0 = Debug|Win32
		{571F9525-4AD1-45D7-A238-B3DABC22D4C4}.Debug|x64.ActiveCfg = Debug|x64
		{571F9525-4AD1-45D7-A238-B3DABC22D4C4}.Debug|x64.Build.0 = Debug|x64
		{571F9525-4AD1-45D7-A238-B3DABC22D4C4}.Debug|x86.ActiveCfg = Debug|Win32
		{571F9525-4AD1-45D7-A238-B3DABC22D4C4}.Debug|x86.Build.0 = Debug|Win32
		{571F9525-4AD1-45D7-A238-B3DABC22D4C4}.Release Dll|x64.ActiveCfg = Release|x64
		{571F9525-4AD1-45D7-A238-B3DABC22D4C4}.Release Dll|x64.Build.0 = Release|x64
		{571F9525-4AD1-45D7-A238-B3DABC22D4C4}.Release Dll|x86.ActiveCfg = Release|Win32
		{571F9525-4AD1-45D7-A238-B3DABC22D4C4}.Release Dll|x86.Build.0 = Release|Win32
		{571F9525-4AD1-45D7-A238-B3DABC22D4C4}.Release|x64.ActiveCfg = Release|x64
		{571F9525-4AD1-45D7-A238-B3DABC22D4C4}.Release|x64.Build.0 = Release|x64
		{571F9525-4AD1-45D7-A238-B3DABC22D4C4}.Release|x86.ActiveCfg = Release|Win32
		{571F9525-4AD1-45D7-A238-B3DABC22D4C4}.Release|x86.Build.0 = Release|Win32
		{571F9525-4AD1-45D7-A238-B3DABC22D4C4}.UnicodeDebug|x64.ActiveCfg = Debug|x64
		{571F9525-4AD1-45D7-A238-B3DABC22D4C4}.UnicodeDebug|x64.Build.0 = Debug|x64
		{571F9525-4AD1-45D7-A238-B3DABC22D4C4}.UnicodeDebug|x86.ActiveCfg = Debug|Win32
		{571F9525-4AD1-45D7-A238-B3DABC22D4C4}.UnicodeDebug|x86.Build.0 = Debug|Win32
		{571F9525-4AD1-45D7-A238-B3DABC22D4C4}.UnicodeRelease|x64.ActiveCfg = Release|x64
		{571F9525-4AD1-45D7-A238-B3DABC22D4C4}.UnicodeRelease|x64.Build.0 = Release|x64
		{571F9525-4AD1-45D7-A238-B3DABC22D4C4}.UnicodeRelease|x86.ActiveCfg = Release|Win32
		{571F9525-4AD1-45D7-A238-B3DABC22D4C4}.UnicodeRelease|x86.Build.0 = Release|Win32
		{E106ACD7-4E53-4AEE-942B-D0DD426DB34E}.Debug Dll|x64.ActiveCfg = Release|Win32
		{E106ACD7-4E53-4AEE-942B-D0DD426DB34E}.Debug Dll|x64.Build.0 = Release|Win32
		{E106ACD7-4E53-4AEE-942B-D0DD426DB34E}.Debug Dll|x86.ActiveCfg = Debug|Win32
		{E106ACD7-4E53-4AEE-942B-D0DD426DB34E}.Debug Dll|x86.Build.0 = Debug|Win32
		{E106ACD7-4E53-4AEE-942B-D0DD426DB34E}.Debug|x64.ActiveCfg = Debug|Win32
		{E106ACD7-4E53-4AEE-942B-D0DD426DB34E}.Debug|x86.ActiveCfg = Debug|Win32
		{E106ACD7-4E53-4AEE-942B-D0DD426DB34E}.Debug|x86.Build.0 = Debug|Win32
		{E106ACD7-4E53-4AEE-942B-D0DD426DB34E}.Release Dll|x64.ActiveCfg = Release|Win32
		{E106ACD7-4E53-4AEE-942B-D0DD426DB34E}.Release Dll|x64.Build.0 = Release|Win32
		{E106ACD7-4E53-4AEE-942B-D0DD426DB34E}.Release Dll|x86.ActiveCfg = Release|Win32
		{E106ACD7-4E53-4AEE-942B-D0DD426DB34E}.Release Dll|x86.Build.0 = Release|Win32
		{E106ACD7-4E53-4AEE-942B-D0DD426DB34E}.Release|x64.ActiveCfg = Release|Win32
		{E106ACD7-4E53-4AEE-942B-D0DD426DB34E}.Release|x86.ActiveCfg = Release|Win32
		{E106ACD7-4E53-4AEE-942B-D0DD426DB34E}.Release|x86.Build.0 = Release|Win32
		{E106ACD7-4E53-4AEE-942B-D0DD426DB34E}.UnicodeDebug|x64.ActiveCfg = Release|Win32
		{E106ACD7-4E53-4AEE-942B-D0DD426DB34E}.UnicodeDebug|x64.Build.0 = Release|Win32
		{E106ACD7-4E53-4AEE-942B-D0DD426DB34E}.UnicodeDebug|x86.ActiveCfg = Debug|Win32
		{E106ACD7-4E53-4AEE-942B-D0DD426DB34E}.UnicodeDebug|x86.Build.0 = Debug|Win32
		{E106ACD7-4E53-4AEE-942B-D0DD426DB34E}.UnicodeRelease|x64.ActiveCfg = Release|Win32
		{E106ACD7-4E53-4AEE-942B-D0DD426DB34E}.UnicodeRelease|x64.Build.0 = Release|Win32
		{E106ACD7-4E53-4AEE-942B-D0DD426DB34E}.UnicodeRelease|x86.ActiveCfg = Release|Win32
		{E106ACD7-4E53-4AEE-942B-D0DD426DB34E}.UnicodeRelease|x86.Build.0 = Release|Win32
		{FC6416CB-EE05-4784-B9A5-55D61FB6DE39}.Debug Dll|x64.ActiveCfg = UnicodeDebug|Win32
		{FC6416CB-EE05-4784-B9A5-55D61FB6DE39}.Debug Dll|x64.Build.0 = UnicodeDebug|Win32
		{FC6416CB-EE05-4784-B9A5-55D61FB6DE39}.Debug Dll|x86.ActiveCfg = Debug|Win32
		{FC6416CB-EE05-4784-B9A5-55D61FB6DE39}.Debug Dll|x86.Build.0 = Debug|Win32
		{FC6416CB-EE05-4784-B9A5-55D61FB6DE39}.Debug|x64.ActiveCfg = Debug|Win32
		{FC6416CB-EE05-4784-B9A5-55D61FB6DE39}.Debug|x86.ActiveCfg = Debug|Win32
		{FC6416CB-EE05-4784-B9A5-55D61FB6DE39}.Debug|x86.Build.0 = Debug|Win32
		{FC6416CB-EE05-4784-B9A5-55D61FB6DE39}.Release Dll|x64.ActiveCfg = UnicodeDebug|Win32
		{FC6416CB-EE05-4784-B9A5-55D61FB6DE39}.Release Dll|x64.Build.0 = UnicodeDebug|Win32
		{FC6416CB-EE05-4784-B9A5-55D61FB6DE39}.Release Dll|x86.ActiveCfg = Release|Win32
		{FC6416CB-EE05-4784-B9A5-55D61FB6DE39}.Release Dll|x86.Build.0 = Release|Win32
		{FC6416CB-EE05-4784-B9A5-55D61FB6DE39}.Release|x64.ActiveCfg = Release|Win32
		{FC6416CB-EE05-4784-B9A5-55D61FB6DE39}.Release|x86.ActiveCfg = Release|Win32
		{FC6416CB-EE05-4784-B9A5-55D61FB6DE39}.Release|x86.Build.0 = Release|Win32
		{FC6416CB-EE05-4784-B9A5-55D61FB6DE39}.UnicodeDebug|x64.ActiveCfg = UnicodeDebug|Win32
		{FC6416CB-EE05-4784-B9A5-55D61FB6DE39}.UnicodeDebug|x86.ActiveCfg = UnicodeDebug|Win32
		{FC6416CB-EE05-4784-B9A5-55D61FB6DE39}.UnicodeDebug|x86.Build.0 = UnicodeDebug|Win32
		{FC6416CB-EE05-4784-B9A5-55D61FB6DE39}.UnicodeRelease|x64.ActiveCfg = UnicodeRelease|Win32
		{FC6416CB-EE05-4784-B9A5-55D61FB6DE39}.UnicodeRelease|x86.ActiveCfg = UnicodeRelease|Win32
		{FC6416CB-EE05-4784-B9A5-55D61FB6DE39}.UnicodeRelease|x86.Build.0 = UnicodeRelease|Win32
		{724A6F4F-5D3F-45B5-8F85-16DB5EE9A59B}.Debug Dll|x64.ActiveCfg = Release|Win32
		{724A6F4F-5D3F-45B5-8F85-16DB5EE9A59B}.Debug Dll|x64.Build.0 = Release|Win32
		{724A6F4F-5D3F-45B5-8F85-16DB5EE9A59B}.Debug Dll|x86.ActiveCfg = Debug|Win32
		{724A6F4F-5D3F-45B5-8F85-16DB5EE9A59B}.Debug Dll|x86.Build.0 = Debug|Win32
		{724A6F4F-5D3F-45B5-8F85-16DB5EE9A59B}.Debug|x64.ActiveCfg = Debug|Win32
		{724A6F4F-5D3F-45B5-8F85-16DB5EE9A59B}.Debug|x86.ActiveCfg = Debug|Win32
		{724A6F4F-5D3F-45B5-8F85-16DB5EE9A59B}.Debug|x86.Build.0 = Debug|Win32
		{724A6F4F-5D3F-45B5-8F85-16DB5EE9A59B}.Release Dll|x64.ActiveCfg = Release|Win32
		{724A6F4F-5D3F-45B5-8F85-16DB5EE9A59B}.Release Dll|x64.Build.0 = Release|Win32
		{724A6F4F-5D3F-45B5-8F85-16DB5EE9A59B}.Release Dll|x86.ActiveCfg = Release|Win32
		{724A6F4F-5D3F-45B5-8F85-16DB5EE9A59B}.Release Dll|x86.Build.0 = Release|Win32
		{724A6F4F-5D3F-45B5-8F85-16DB5EE9A59B}.Release|x64.ActiveCfg = Release|Win32
		{724A6F4F-5D3F-45B5-8F85-16DB5EE9A59B}.Release|x86.ActiveCfg = Release|Win32
		{724A6F4F-5D3F-45B5-8F85-16DB5EE9A59B}.Release|x86.Build.0 = Release|Win32
		{724A6F4F-5D3F-45B5-8F85-16DB5EE9A59B}.UnicodeDebug|x64.ActiveCfg = Release|Win32
		{724A6F4F-5D3F-45B5-8F85-16DB5EE9A59B}.UnicodeDebug|x64.Build.0 = Release|Win32
		{724A6F4F-5D3F-45B5-8F85-16DB5EE9A59B}.UnicodeDebug|x86.ActiveCfg = Debug|Win32
		{724A6F4F-5D3F-45B5-8F85-16DB5EE9A59B}.UnicodeDebug|x86.Build.0 = Debug|Win32
		{724A6F4F-5D3F-45B5-8F85-16DB5EE9A59B}.UnicodeRelease|x64.ActiveCfg = Release|Win32
		{724A6F4F-5D3F-45B5-8F85-16DB5EE9A59B}.UnicodeRelease|x64.Build.0 = Release|Win32
		{724A6F4F-5D3F-45B5-8F85-16DB5EE9A59B}.UnicodeRelease|x86.ActiveCfg = Release|Win32
		{724A6F4F-5D3F-45B5-8F85-16DB5EE9A59B}.UnicodeRelease|x86.Build.0 = Release|Win32
		{46CF2D25-6A36-4189-B59C-E4815388E554}.Debug Dll|x64.ActiveCfg = Debug|x64
		{46CF2D25-6A36-4189-B59C-E4815388E554}.Debug Dll|x64.Build.0 = Debug|x64
		{46CF2D25-6A36-4189-B59C-E4815388E554}.Debug Dll|x86.ActiveCfg = Debug|Win32
		{46CF2D25-6A36-4189-B59C-E4815388E554}.Debug Dll|x86.Build.0 = Debug|Win32
		{46CF2D25-6A36-4189-B59C-E4815388E554}.Debug|x64.ActiveCfg = Debug|x64
		{46CF2D25-6A36-4189-B59C-E4815388E554}.Debug|x64.Build.0 = Debug|x64
		{46CF2D25-6A36-4189-B59C-E4815388E554}.Debug|x86.ActiveCfg = Debug|Win32
		{46CF2D25-6A36-4189-B59C-E4815388E554}.Debug|x86.Build.0 = Debug|Win32
		{46CF2D25-6A36-4189-B59C-E4815388E554}.Release Dll|x64.ActiveCfg = Release|x64
		{46CF2D25-6A36-4189-B59C-E4815388E554}.Release Dll|x64.Build.0 = Release|x64
		{46CF2D25-6A36-4189-B59C-E4815388E554}.Release Dll|x86.ActiveCfg = Release|Win32
		{46CF2D25-6A36-4189-B59C-E4815388E554}.Release Dll|x86.Build.0 = Release|Win32
		{46CF2D25-6A36-4189-B59C-E4815388E554}.Release|x64.ActiveCfg = Release|x64
		{46CF2D25-6A36-4189-B59C-E4815388E554}.Release|x64.Build.0 = Release|x64
		{46CF2D25-6A36-4189-B59C-E4815388E554}.Release|x86.ActiveCfg = Release|Win32
		{46CF2D25-6A36-4189-B59C-E4815388E554}.Release|x86.Build.0 = Release|Win32
		{46CF2D25-6A36-4189-B59C-E4815388E554}.UnicodeDebug|x64.ActiveCfg = Debug|x64
		{46CF2D25-6A36-4189-B59C-E4815388E554}.UnicodeDebug|x64.Build.0 = Debug|x64
		{46CF2D25-6A36-4189-B59C-E4815388E554}.UnicodeDebug|x86.ActiveCfg = Debug|Win32
		{46CF2D25-6A36-4189-B59C-E4815388E554}.UnicodeDebug|x86.Build.0 = Debug|Win32
		{46CF2D25-6A36-4189-B59C-E4815388E554}.UnicodeRelease|x64.ActiveCfg = Release|x64
		{46CF2D25-6A36-4189-B59C-E4815388E554}.UnicodeRelease|x64.Build.0 = Release|x64
		{46CF2D25-6A36-4189-B59C-E4815388E554}.UnicodeRelease|x86.ActiveCfg = Release|Win32
		{46CF2D25-6A36-4189-B59C-E4815388E554}.UnicodeRelease|x86.Build.0 = Release|Win32
		{7FE6F165-543C-42E1-8D12-DD0606C1AAC1}.Debug Dll|x64.ActiveCfg = Debug|x64
		{7FE6F165-543C-42E1-8D12-DD0606C1AAC1}.Debug Dll|x64.Build.0 = Debug|x64
		{7FE6F165-543C-42E1-8D12-DD0606C1AAC1}.Debug Dll|x86.ActiveCfg = Debug|Win32
		{7FE6F165-543C-42E1-8D12-DD0606C1AAC1}.Debug Dll|x86.Build.0 = Debug|Win32
		{7FE6F165-543C-42E1-8D12-DD0606C1AAC1}.Debug|x64.ActiveCfg = Debug|x64
		{7FE6F165-543C-42E1-8D12-DD0606C1AAC1}.Debug|x64.Build.0 = Debug|x64
		{7FE6F165-543C-42E1-8D12-DD0606C1AAC1}.Debug|x86.ActiveCfg = Debug|Win32
		{7FE6F165-543C-42E1-8D12-DD0606C1AAC1}.Debug|x86.Build.0 = Debug|Win32
		{7FE6F165-543C-42E1-8D12-DD0606C1AAC1}.Release Dll|x64.ActiveCfg = Release|x64
		{7FE6F165-543C-42E1-8D12-DD0606C1AAC1}.Release Dll|x64.Build.0 = Release|x64
		{7FE6F165-543C-42E1-8D12-DD0606C1AAC1}.Release Dll|x86.ActiveCfg = Release|Win32
		{7FE6F165-543C-42E1-8D12-DD0606C1AAC1}.Release Dll|x86.Build.0 = Release|Win32
		{7FE6F165-543C-42E1-8D12-DD0606C1AAC1}.Release|x64.ActiveCfg = Release|x64
		{7FE6F165-543C-42E1-8D12-DD0606C1AAC1}.Release|x64.Build.0 = Release|x64
		{7FE6F165-543C-42E1-8D12-DD0606C1AAC1}.Release|x86.ActiveCfg = Release|Win32
		{7FE6F165-543C-42E1-8D12-DD0606C1AAC1}.Release|x86.Build.0 = Release|Win32
		{7FE6F165-543C-42E1-8D12-DD0606C1AAC1}.UnicodeDebug|x64.ActiveCfg = Debug|x64
		{7FE6F165-543C-42E1-8D12-DD0606C1AAC1}.UnicodeDebug|x64.Build.0 = Debug|x64
		{7FE6F165-543C-42E1-8D12-DD0606C1AAC1}.UnicodeDebug|x86.ActiveCfg = Debug|Win32
		{7FE6F165-543C-42E1-8D12-DD0606C1AAC1}.UnicodeDebug|x86.Build.0 = Debug|Win32
		{7FE6F165-543C-42E1-8D12-DD0606C1AAC1}.UnicodeRelease|x64.ActiveCfg = Release|x64
		{7FE6F165-543C-42E1-8D12-DD0606C1AAC1}.UnicodeRelease|x64.Build.0 = Release|x64
		{7FE6F165-543C-42E1-8D12-DD0606C1AAC1}.UnicodeRelease|x86.ActiveCfg = Release|Win32
		{7FE6F165-543C-42E1-8D12-DD0606C1AAC1}.UnicodeRelease|x86.Build.0 = Release|Win32
		{8AD639A7-B716-425E-97A1-8437618A3411}.Debug Dll|x64.ActiveCfg = Debug|x64
		{8AD639A7-B716-425E-97A1-8437618A3411}.Debug Dll|x64.Build.0 = Debug|x64
		{8AD639A7-B716-425E-97A1-8437618A3411}.Debug Dll|x86.ActiveCfg = Debug|Win32
		{8AD639A7-B716-425E-97A1-8437618A3411}.Debug Dll|x86.Build.0 = Debug|Win32
		{8AD639A7-B716-425E-97A1-8437618A3411}.Debug|x64.ActiveCfg = Debug|x64
		{8AD639A7-B716-425E-97A1-8437618A3411}.Debug|x64.Build.0 = Debug|x64
		{8AD639A7-B716-425E-97A1-8437618A3411}.Debug|x86.ActiveCfg = Debug|Win32
		{8AD639A7-B716-425E-97A1-8437618A3411}.Debug|x86.Build.0 = Debug|Win32
		{8AD639A7-B716-425E-97A1-8437618A3411}.Release Dll|x64.ActiveCfg = Release|x64
		{8AD639A7-B716-425E-97A1-8437618A3411}.Release Dll|x64.Build.0 = Release|x64
		{8AD639A7-B716-425E-97A1-8437618A3411}.Release Dll|x86.ActiveCfg = Release|Win32
		{8AD639A7-B716-425E-97A1-8437618A3411}.Release Dll|x86.Build.0 = Release|Win32
		{8AD639A7-B716-425E-97A1-8437618A3411}.Release|x64.ActiveCfg = Release|x64
		{8AD639A7-B716-425E-97A1-8437618A3411}.Release|x64.Build.0 = Release|x64
		{8AD639A7-B716-425E-97A1-8437618A3411}.Release|x86.ActiveCfg = Release|Win32
		{8AD639A7-B716-425E-97A1-8437618A3411}.Release|x86.Build.0 = Release|Win32
		{8AD639A7-B716-425E-97A1-8437618A3411}.UnicodeDebug|x64.ActiveCfg = Debug|x64
		{8AD639A7-B716-425E-97A1-8437618A3411}.UnicodeDebug|x64.Build.0 = Debug|x64
		{8AD639A7-B716-425E-97A1-8437618A3411}.UnicodeDebug|x86.ActiveCfg = Debug|Win32
		{8AD639A7-B716-425E-97A1-8437618A3411}.UnicodeDebug|x86.Build.0 = Debug|Win32
		{8AD639A7-B716-425E-97A1-8437618A3411}.UnicodeRelease|x64.ActiveCfg = Release|x64
		{8AD639A7-B716-425E-97A1-8437618A3411}.UnicodeRelease|x64.Build.0 = Release|x64
		{8AD639A7-B716-425E-97A1-8437618A3411}.UnicodeRelease|x86.ActiveCfg = Release|Win32
		{8AD639A7-B716-425E-97A1-8437618A3411}.UnicodeRelease|x86.Build.0 = Release|Win32
	EndGlobalSection
	GlobalSection(SolutionProperties) = preSolution
		HideSolutionNode = FALSE
	EndGlobalSection
EndGlobal
